{
    "_readme": [
        "This file locks the dependencies of your project to a known state",
        "Read more about it at https://getcomposer.org/doc/01-basic-usage.md#installing-dependencies",
        "This file is @generated automatically"
    ],
    "content-hash": "723c56e4c8dce76d75bb2c59c0cd76ad",
    "packages": [
        {
            "name": "cecil/theme-garth",
            "version": "1.2.9",
            "source": {
                "type": "git",
                "url": "https://github.com/Cecilapp/theme-garth.git",
                "reference": "bdf14e84d241d2ef0f0f2fd4f0c4a697e4b24898"
            },
            "dist": {
                "type": "zip",
                "url": "https://api.github.com/repos/Cecilapp/theme-garth/zipball/bdf14e84d241d2ef0f0f2fd4f0c4a697e4b24898",
                "reference": "bdf14e84d241d2ef0f0f2fd4f0c4a697e4b24898",
                "shasum": ""
            },
            "require": {
                "cecil/theme-installer": "^1.4"
            },
            "type": "cecil-theme",
            "extra": {
                "name": "garth",
                "branch-alias": {
                    "dev-master": "1.x-dev"
                }
            },
            "notification-url": "https://packagist.org/downloads/",
            "license": [
                "MIT"
            ],
            "description": "Cecil Garth theme",
            "keywords": [
                "Garth",
                "cecil",
                "theme"
            ],
            "support": {
                "issues": "https://github.com/Cecilapp/theme-garth/issues",
                "source": "https://github.com/Cecilapp/theme-garth/tree/1.2.9"
            },
            "funding": [
                {
                    "url": "https://www.paypal.me/narno",
                    "type": "custom"
                }
            ],
            "time": "2020-11-26T21:17:18+00:00"
        },
        {
            "name": "cecil/theme-hyde",
            "version": "1.18.2",
            "source": {
                "type": "git",
                "url": "https://github.com/Cecilapp/theme-hyde.git",
                "reference": "840996ce794ef8d96ae787c9de671532dc6db1fe"
            },
            "dist": {
                "type": "zip",
                "url": "https://api.github.com/repos/Cecilapp/theme-hyde/zipball/840996ce794ef8d96ae787c9de671532dc6db1fe",
                "reference": "840996ce794ef8d96ae787c9de671532dc6db1fe",
                "shasum": ""
            },
            "require": {
                "cecil/theme-installer": "^1.4"
            },
            "type": "cecil-theme",
            "extra": {
                "name": "hyde",
                "branch-alias": {
                    "dev-master": "1.x-dev"
                }
            },
            "notification-url": "https://packagist.org/downloads/",
            "license": [
                "MIT"
            ],
            "description": "Cecil Hyde theme",
            "keywords": [
                "Hyde",
                "cecil",
                "theme"
            ],
            "support": {
                "issues": "https://github.com/Cecilapp/theme-hyde/issues",
                "source": "https://github.com/Cecilapp/theme-hyde/tree/1.18.2"
            },
            "funding": [
                {
                    "url": "https://www.paypal.me/narno",
                    "type": "custom"
                }
            ],
            "time": "2020-11-10T00:50:23+00:00"
        },
        {
            "name": "cecil/theme-installer",
            "version": "1.4.2",
            "source": {
                "type": "git",
                "url": "https://github.com/Cecilapp/theme-installer.git",
                "reference": "6c7d1423f7ecb54b81a36b4432c6304d2d193e37"
            },
            "dist": {
                "type": "zip",
                "url": "https://api.github.com/repos/Cecilapp/theme-installer/zipball/6c7d1423f7ecb54b81a36b4432c6304d2d193e37",
                "reference": "6c7d1423f7ecb54b81a36b4432c6304d2d193e37",
                "shasum": ""
            },
            "require": {
                "composer-plugin-api": ">=1.0"
            },
            "require-dev": {
                "composer/composer": ">=1.0"
            },
            "type": "composer-plugin",
            "extra": {
                "class": "Cecil\\Installer\\Composer\\CecilPlugin",
                "branch-alias": {
                    "dev-master": "1.x-dev"
                }
            },
            "autoload": {
                "psr-0": {
                    "Cecil\\Installer\\Composer": "src/"
                }
            },
            "notification-url": "https://packagist.org/downloads/",
            "license": [
                "MIT"
            ],
            "authors": [
                {
                    "name": "Arnaud Ligny",
                    "email": "arnaud@ligny.org",
                    "homepage": "https://arnaudligny.fr",
                    "role": "Developer"
                }
            ],
            "description": "Installer for Cecil themes",
            "keywords": [
                "cecil",
                "installer",
                "themes"
            ],
            "support": {
                "issues": "https://github.com/Cecilapp/theme-installer/issues",
                "source": "https://github.com/Cecilapp/theme-installer/tree/1.4.2"
            },
            "funding": [
                {
                    "url": "https://www.paypal.me/narno",
                    "type": "custom"
                }
            ],
            "time": "2020-11-06T11:57:35+00:00"
        },
        {
            "name": "cecil/theme-netlify",
            "version": "1.1.3",
            "source": {
                "type": "git",
                "url": "https://github.com/Cecilapp/theme-netlify.git",
                "reference": "7f16ca012d7e82a1e3bc6d2318433b3d6f053640"
            },
            "dist": {
                "type": "zip",
                "url": "https://api.github.com/repos/Cecilapp/theme-netlify/zipball/7f16ca012d7e82a1e3bc6d2318433b3d6f053640",
                "reference": "7f16ca012d7e82a1e3bc6d2318433b3d6f053640",
                "shasum": ""
            },
            "require": {
                "cecil/theme-installer": "^1.4"
            },
            "type": "cecil-theme",
            "extra": {
                "name": "netlify",
                "branch-alias": {
                    "dev-master": "1.x-dev"
                }
            },
            "notification-url": "https://packagist.org/downloads/",
            "license": [
                "MIT"
            ],
            "description": "Cecil component theme Netlify",
            "keywords": [
                "cecil",
                "netlify",
                "theme"
            ],
            "support": {
                "issues": "https://github.com/Cecilapp/theme-netlify/issues",
                "source": "https://github.com/Cecilapp/theme-netlify/tree/1.1.3"
            },
            "funding": [
                {
                    "url": "https://www.paypal.me/narno",
                    "type": "custom"
                }
            ],
            "time": "2020-11-06T12:06:10+00:00"
        },
        {
            "name": "cecil/theme-netlifycms",
            "version": "1.5.1",
            "source": {
                "type": "git",
                "url": "https://github.com/Cecilapp/theme-netlifycms.git",
                "reference": "b69e85e79933cf154fd74e02e68c8a235625124f"
            },
            "dist": {
                "type": "zip",
                "url": "https://api.github.com/repos/Cecilapp/theme-netlifycms/zipball/b69e85e79933cf154fd74e02e68c8a235625124f",
                "reference": "b69e85e79933cf154fd74e02e68c8a235625124f",
                "shasum": ""
            },
            "require": {
                "cecil/theme-installer": "^1.4"
            },
            "type": "cecil-theme",
            "extra": {
                "name": "netlify-cms",
                "branch-alias": {
                    "dev-master": "1.x-dev"
                }
            },
            "notification-url": "https://packagist.org/downloads/",
            "license": [
                "MIT"
            ],
            "description": "Cecil component theme Netlify CMS",
            "keywords": [
                "cecil",
                "cms",
                "netlify",
                "theme"
            ],
            "support": {
                "issues": "https://github.com/Cecilapp/theme-netlifycms/issues",
                "source": "https://github.com/Cecilapp/theme-netlifycms/tree/1.5.1"
            },
            "funding": [
                {
                    "url": "https://www.paypal.me/narno",
                    "type": "custom"
                }
            ],
            "time": "2020-11-06T12:07:21+00:00"
        }
    ],
    "packages-dev": [],
    "aliases": [],
    "minimum-stability": "stable",
    "stability-flags": [],
    "prefer-stable": false,
    "prefer-lowest": false,
    "platform": [],
    "platform-dev": [],
    "plugin-api-version": "2.0.0"
}
