{
    "_readme": [
        "This file locks the dependencies of your project to a known state",
        "Read more about it at https://getcomposer.org/doc/01-basic-usage.md#installing-dependencies",
        "This file is @generated automatically"
    ],
    "content-hash": "97998aa15cc08ff8517f3a6554e16d53",
    "packages": [
        {
            "name": "cecil/theme-garth",
            "version": "1.5.2",
            "source": {
                "type": "git",
                "url": "https://github.com/Cecilapp/theme-garth.git",
                "reference": "08c232f83c58e985e6d78456a5f9528df111c46c"
            },
            "dist": {
                "type": "zip",
                "url": "https://api.github.com/repos/Cecilapp/theme-garth/zipball/08c232f83c58e985e6d78456a5f9528df111c46c",
                "reference": "08c232f83c58e985e6d78456a5f9528df111c46c",
                "shasum": ""
            },
            "require": {
                "cecil/theme-installer": "^1.4"
            },
            "type": "cecil-theme",
            "extra": {
                "name": "garth",
                "branch-alias": {
                    "dev-master": "1.x-dev"
                }
            },
            "notification-url": "https://packagist.org/downloads/",
            "license": [
                "MIT"
            ],
            "description": "Cecil Garth theme",
            "keywords": [
                "Garth",
                "cecil",
                "theme"
            ],
            "support": {
                "issues": "https://github.com/Cecilapp/theme-garth/issues",
                "source": "https://github.com/Cecilapp/theme-garth/tree/1.5.2"
            },
            "funding": [
                {
                    "url": "https://www.paypal.me/narno",
                    "type": "custom"
                },
                {
                    "url": "https://github.com/ArnaudLigny",
                    "type": "github"
                },
                {
                    "url": "https://opencollective.com/cecil",
                    "type": "open_collective"
                }
            ],
            "time": "2022-01-05T00:33:50+00:00"
        },
        {
            "name": "cecil/theme-hyde",
            "version": "1.19.0",
            "source": {
                "type": "git",
                "url": "https://github.com/Cecilapp/theme-hyde.git",
                "reference": "039ddbff1a2968c03bd57758a72c3564ae9d6a59"
            },
            "dist": {
                "type": "zip",
                "url": "https://api.github.com/repos/Cecilapp/theme-hyde/zipball/039ddbff1a2968c03bd57758a72c3564ae9d6a59",
                "reference": "039ddbff1a2968c03bd57758a72c3564ae9d6a59",
                "shasum": ""
            },
            "require": {
                "cecil/theme-installer": "^1.4"
            },
            "type": "cecil-theme",
            "extra": {
                "name": "hyde",
                "branch-alias": {
                    "dev-master": "1.x-dev"
                }
            },
            "notification-url": "https://packagist.org/downloads/",
            "license": [
                "MIT"
            ],
            "description": "Cecil Hyde theme",
            "keywords": [
                "Hyde",
                "cecil",
                "theme"
            ],
            "support": {
                "issues": "https://github.com/Cecilapp/theme-hyde/issues",
                "source": "https://github.com/Cecilapp/theme-hyde/tree/1.19.0"
            },
            "funding": [
                {
                    "url": "https://www.paypal.me/narno",
                    "type": "custom"
                },
                {
                    "url": "https://github.com/ArnaudLigny",
                    "type": "github"
                },
                {
                    "url": "https://opencollective.com/cecil",
                    "type": "open_collective"
                }
            ],
            "time": "2022-02-06T23:13:18+00:00"
        },
        {
            "name": "cecil/theme-installer",
            "version": "1.4.5",
            "source": {
                "type": "git",
                "url": "https://github.com/Cecilapp/theme-installer.git",
                "reference": "12b1d72ff38e1199eaca34877a64008b6a65e393"
            },
            "dist": {
                "type": "zip",
                "url": "https://api.github.com/repos/Cecilapp/theme-installer/zipball/12b1d72ff38e1199eaca34877a64008b6a65e393",
                "reference": "12b1d72ff38e1199eaca34877a64008b6a65e393",
                "shasum": ""
            },
            "require": {
                "composer-plugin-api": ">=1.0"
            },
            "require-dev": {
                "composer/composer": ">=1.0"
            },
            "type": "composer-plugin",
            "extra": {
                "class": "Cecil\\Installer\\Composer\\CecilPlugin",
                "branch-alias": {
                    "dev-master": "1.x-dev"
                }
            },
            "autoload": {
                "psr-0": {
                    "Cecil\\Installer\\Composer": "src/"
                }
            },
            "notification-url": "https://packagist.org/downloads/",
            "license": [
                "MIT"
            ],
            "authors": [
                {
                    "name": "Arnaud Ligny",
                    "email": "arnaud@ligny.fr",
                    "homepage": "https://arnaudligny.fr",
                    "role": "Developer"
                }
            ],
            "description": "Installer for Cecil's themes",
            "keywords": [
                "cecil",
                "installer",
                "themes"
            ],
            "support": {
                "issues": "https://github.com/Cecilapp/theme-installer/issues",
                "source": "https://github.com/Cecilapp/theme-installer/tree/1.4.5"
            },
            "funding": [
                {
                    "url": "https://www.paypal.me/narno",
                    "type": "custom"
                },
                {
                    "url": "https://github.com/ArnaudLigny",
                    "type": "github"
                },
                {
                    "url": "https://opencollective.com/cecil",
                    "type": "open_collective"
                }
            ],
            "time": "2022-01-06T10:54:26+00:00"
        },
        {
            "name": "cecil/theme-netlify",
            "version": "1.2.2",
            "source": {
                "type": "git",
                "url": "https://github.com/Cecilapp/theme-netlify.git",
                "reference": "23cf4e60ba431b88fec2bcc24a7d1bcde6d1312a"
            },
            "dist": {
                "type": "zip",
                "url": "https://api.github.com/repos/Cecilapp/theme-netlify/zipball/23cf4e60ba431b88fec2bcc24a7d1bcde6d1312a",
                "reference": "23cf4e60ba431b88fec2bcc24a7d1bcde6d1312a",
                "shasum": ""
            },
            "require": {
                "cecil/theme-installer": "^1.4"
            },
            "type": "cecil-theme",
            "extra": {
                "name": "netlify",
                "branch-alias": {
                    "dev-master": "1.x-dev"
                }
            },
            "notification-url": "https://packagist.org/downloads/",
            "license": [
                "MIT"
            ],
            "description": "Cecil component theme Netlify",
            "keywords": [
                "cecil",
                "netlify",
                "theme"
            ],
            "support": {
                "issues": "https://github.com/Cecilapp/theme-netlify/issues",
                "source": "https://github.com/Cecilapp/theme-netlify/tree/1.2.2"
            },
            "funding": [
                {
                    "url": "https://www.paypal.me/narno",
                    "type": "custom"
                },
                {
                    "url": "https://github.com/Narno",
                    "type": "github"
                },
                {
                    "url": "https://opencollective.com/cecil",
                    "type": "open_collective"
                }
            ],
            "time": "2021-11-28T00:37:59+00:00"
        },
        {
            "name": "cecil/theme-netlifycms",
            "version": "1.6.0",
            "source": {
                "type": "git",
                "url": "https://github.com/Cecilapp/theme-netlifycms.git",
                "reference": "1fbab2573aecd66caabb2cf0ae758810f10f7ebb"
            },
            "dist": {
                "type": "zip",
                "url": "https://api.github.com/repos/Cecilapp/theme-netlifycms/zipball/1fbab2573aecd66caabb2cf0ae758810f10f7ebb",
                "reference": "1fbab2573aecd66caabb2cf0ae758810f10f7ebb",
                "shasum": ""
            },
            "require": {
                "cecil/theme-installer": "^1.4"
            },
            "type": "cecil-theme",
            "extra": {
                "name": "netlify-cms",
                "branch-alias": {
                    "dev-master": "1.x-dev"
                }
            },
            "notification-url": "https://packagist.org/downloads/",
            "license": [
                "MIT"
            ],
            "description": "Cecil component theme Netlify CMS",
            "keywords": [
                "cecil",
                "cms",
                "netlify",
                "theme"
            ],
            "support": {
                "issues": "https://github.com/Cecilapp/theme-netlifycms/issues",
                "source": "https://github.com/Cecilapp/theme-netlifycms/tree/1.6.0"
            },
            "funding": [
                {
                    "url": "https://www.paypal.me/narno",
                    "type": "custom"
                },
                {
                    "url": "https://github.com/ArnaudLigny",
                    "type": "github"
                },
                {
                    "url": "https://opencollective.com/cecil",
                    "type": "open_collective"
                }
            ],
            "time": "2022-03-02T02:06:36+00:00"
        }
    ],
    "packages-dev": [],
    "aliases": [],
    "minimum-stability": "stable",
    "stability-flags": [],
    "prefer-stable": false,
    "prefer-lowest": false,
    "platform": [],
    "platform-dev": [],
    "plugin-api-version": "2.2.0"
}
