{
    "_readme": [
        "This file locks the dependencies of your project to a known state",
        "Read more about it at https://getcomposer.org/doc/01-basic-usage.md#installing-dependencies",
        "This file is @generated automatically"
    ],
    "content-hash": "c0a5d821d5bceb4e8fe65827da41a57b",
    "packages": [
        {
            "name": "cecil/theme-garth",
            "version": "1.9.1",
            "source": {
                "type": "git",
                "url": "https://github.com/Cecilapp/theme-garth.git",
                "reference": "35a146c000ba94a99d824690cf2400bb53e05ac3"
            },
            "dist": {
                "type": "zip",
                "url": "https://api.github.com/repos/Cecilapp/theme-garth/zipball/35a146c000ba94a99d824690cf2400bb53e05ac3",
                "reference": "35a146c000ba94a99d824690cf2400bb53e05ac3",
                "shasum": ""
            },
            "require": {
                "cecil/theme-installer": "^1.4"
            },
            "type": "cecil-theme",
            "extra": {
                "name": "garth",
                "branch-alias": {
                    "dev-master": "1.x-dev"
                }
            },
            "notification-url": "https://packagist.org/downloads/",
            "license": [
                "MIT"
            ],
            "description": "Cecil Garth theme",
            "keywords": [
                "Garth",
                "cecil",
                "theme"
            ],
            "support": {
                "issues": "https://github.com/Cecilapp/theme-garth/issues",
                "source": "https://github.com/Cecilapp/theme-garth/tree/1.9.1"
            },
            "funding": [
                {
                    "url": "https://github.com/ArnaudLigny",
                    "type": "github"
                },
                {
                    "url": "https://opencollective.com/cecil",
                    "type": "open_collective"
                }
            ],
            "time": "2023-06-04T22:14:32+00:00"
        },
        {
            "name": "cecil/theme-hyde",
            "version": "2.4.0",
            "source": {
                "type": "git",
                "url": "https://github.com/Cecilapp/theme-hyde.git",
                "reference": "110dcdeb2b1ba354ba1bef72fa36d3033927f0d4"
            },
            "dist": {
                "type": "zip",
                "url": "https://api.github.com/repos/Cecilapp/theme-hyde/zipball/110dcdeb2b1ba354ba1bef72fa36d3033927f0d4",
                "reference": "110dcdeb2b1ba354ba1bef72fa36d3033927f0d4",
                "shasum": ""
            },
            "require": {
                "cecil/theme-installer": "^1.4"
            },
            "type": "cecil-theme",
            "extra": {
                "name": "hyde",
                "branch-alias": {
                    "dev-master": "1.x-dev"
                }
            },
            "notification-url": "https://packagist.org/downloads/",
            "license": [
                "MIT"
            ],
            "description": "Cecil Hyde theme",
            "keywords": [
                "Hyde",
                "cecil",
                "theme"
            ],
            "support": {
                "issues": "https://github.com/Cecilapp/theme-hyde/issues",
                "source": "https://github.com/Cecilapp/theme-hyde/tree/2.4.0"
            },
            "funding": [
                {
                    "url": "https://github.com/ArnaudLigny",
                    "type": "github"
                },
                {
                    "url": "https://opencollective.com/cecil",
                    "type": "open_collective"
                }
            ],
            "time": "2023-06-04T21:59:02+00:00"
        },
        {
            "name": "cecil/theme-installer",
            "version": "1.4.5",
            "source": {
                "type": "git",
                "url": "https://github.com/Cecilapp/theme-installer.git",
                "reference": "12b1d72ff38e1199eaca34877a64008b6a65e393"
            },
            "dist": {
                "type": "zip",
                "url": "https://api.github.com/repos/Cecilapp/theme-installer/zipball/12b1d72ff38e1199eaca34877a64008b6a65e393",
                "reference": "12b1d72ff38e1199eaca34877a64008b6a65e393",
                "shasum": ""
            },
            "require": {
                "composer-plugin-api": ">=1.0"
            },
            "require-dev": {
                "composer/composer": ">=1.0"
            },
            "type": "composer-plugin",
            "extra": {
                "class": "Cecil\\Installer\\Composer\\CecilPlugin",
                "branch-alias": {
                    "dev-master": "1.x-dev"
                }
            },
            "autoload": {
                "psr-0": {
                    "Cecil\\Installer\\Composer": "src/"
                }
            },
            "notification-url": "https://packagist.org/downloads/",
            "license": [
                "MIT"
            ],
            "authors": [
                {
                    "name": "Arnaud Ligny",
                    "email": "arnaud@ligny.fr",
                    "homepage": "https://arnaudligny.fr",
                    "role": "Developer"
                }
            ],
            "description": "Installer for Cecil's themes",
            "keywords": [
                "cecil",
                "installer",
                "themes"
            ],
            "support": {
                "issues": "https://github.com/Cecilapp/theme-installer/issues",
                "source": "https://github.com/Cecilapp/theme-installer/tree/1.4.5"
            },
            "funding": [
                {
                    "url": "https://www.paypal.me/narno",
                    "type": "custom"
                },
                {
                    "url": "https://github.com/ArnaudLigny",
                    "type": "github"
                },
                {
                    "url": "https://opencollective.com/cecil",
                    "type": "open_collective"
                }
            ],
            "time": "2022-01-06T10:54:26+00:00"
        },
        {
            "name": "cecil/theme-netlify",
            "version": "1.4.0",
            "source": {
                "type": "git",
                "url": "https://github.com/Cecilapp/theme-netlify.git",
                "reference": "e5fa01c7aac664d596709185fdb31b0a20031f13"
            },
            "dist": {
                "type": "zip",
                "url": "https://api.github.com/repos/Cecilapp/theme-netlify/zipball/e5fa01c7aac664d596709185fdb31b0a20031f13",
                "reference": "e5fa01c7aac664d596709185fdb31b0a20031f13",
                "shasum": ""
            },
            "require": {
                "cecil/theme-installer": "^1.4"
            },
            "type": "cecil-theme",
            "extra": {
                "name": "netlify",
                "branch-alias": {
                    "dev-master": "1.x-dev"
                }
            },
            "notification-url": "https://packagist.org/downloads/",
            "license": [
                "MIT"
            ],
            "description": "Cecil component theme Netlify",
            "keywords": [
                "cecil",
                "netlify",
                "theme"
            ],
            "support": {
                "issues": "https://github.com/Cecilapp/theme-netlify/issues",
                "source": "https://github.com/Cecilapp/theme-netlify/tree/1.4.0"
            },
            "funding": [
                {
                    "url": "https://www.paypal.me/narno",
                    "type": "custom"
                },
                {
                    "url": "https://github.com/ArnaudLigny",
                    "type": "github"
                },
                {
                    "url": "https://opencollective.com/cecil",
                    "type": "open_collective"
                }
            ],
            "time": "2023-02-22T00:32:07+00:00"
        },
        {
            "name": "cecil/theme-netlifycms",
            "version": "1.7.2",
            "source": {
                "type": "git",
                "url": "https://github.com/Cecilapp/theme-netlifycms.git",
                "reference": "ab01f7e7cde2a2f03536e785ba02d7b4aecbac3d"
            },
            "dist": {
                "type": "zip",
                "url": "https://api.github.com/repos/Cecilapp/theme-netlifycms/zipball/ab01f7e7cde2a2f03536e785ba02d7b4aecbac3d",
                "reference": "ab01f7e7cde2a2f03536e785ba02d7b4aecbac3d",
                "shasum": ""
            },
            "require": {
                "cecil/theme-installer": "^1.4"
            },
            "type": "cecil-theme",
            "extra": {
                "name": "netlify-cms",
                "branch-alias": {
                    "dev-master": "1.x-dev"
                }
            },
            "notification-url": "https://packagist.org/downloads/",
            "license": [
                "MIT"
            ],
            "description": "Cecil component theme Netlify CMS",
            "keywords": [
                "cecil",
                "cms",
                "netlify",
                "theme"
            ],
            "support": {
                "issues": "https://github.com/Cecilapp/theme-netlifycms/issues",
                "source": "https://github.com/Cecilapp/theme-netlifycms/tree/1.7.2"
            },
            "funding": [
                {
                    "url": "https://www.paypal.me/narno",
                    "type": "custom"
                },
                {
                    "url": "https://github.com/ArnaudLigny",
                    "type": "github"
                },
                {
                    "url": "https://opencollective.com/cecil",
                    "type": "open_collective"
                }
            ],
            "time": "2023-03-21T14:39:13+00:00"
        }
    ],
    "packages-dev": [],
    "aliases": [],
    "minimum-stability": "stable",
    "stability-flags": [],
    "prefer-stable": false,
    "prefer-lowest": false,
    "platform": [],
    "platform-dev": [],
    "plugin-api-version": "2.3.0"
}
